
Microsoft Visual Studio Solution File, Format Version 12.00
# Visual Studio Version 17
VisualStudioVersion = 17.1.32407.343
MinimumVisualStudioVersion = 10.0.40219.1
Project("{FAE04EC0-301F-11D3-BF4B-00C04F79EFBC}") = "DersUyg", "DersUyg.csproj", "{89318368-ED4D-42CB-B0AE-23E4D5AE0DF5}"
EndProject
Global
	GlobalSection(SolutionConfigurationPlatforms) = preSolution
		Debug|Any CPU = Debug|Any CPU
		Release|Any CPU = Release|Any CPU
	EndGlobalSection
	GlobalSection(ProjectConfigurationPlatforms) = postSolution
		{89318368-ED4D-42CB-B0AE-23E4D5AE0DF5}.Debug|Any CPU.ActiveCfg = Debug|Any CPU
		{89318368-ED4D-42CB-B0AE-23E4D5AE0DF5}.Debug|Any CPU.Build.0 = Debug|Any CPU
		{89318368-ED4D-42CB-B0AE-23E4D5AE0DF5}.Release|Any CPU.ActiveCfg = Release|Any CPU
		{89318368-ED4D-42CB-B0AE-23E4D5AE0DF5}.Release|Any CPU.Build.0 = Release|Any CPU
	EndGlobalSection
	GlobalSection(SolutionProperties) = preSolution
		HideSolutionNode = FALSE
	EndGlobalSection
	GlobalSection(ExtensibilityGlobals) = postSolution
		SolutionGuid = {9961752E-D4AA-4D8B-A8E0-15B2244EDB49}
	EndGlobalSection
EndGlobal
