
Microsoft Visual Studio Solution File, Format Version 12.00
# Visual Studio Version 17
VisualStudioVersion = 17.1.32407.343
MinimumVisualStudioVersion = 10.0.40219.1
Project("{FAE04EC0-301F-11D3-BF4B-00C04F79EFBC}") = "AppLes11Ass2", "AppLes11Ass2.csproj", "{4248D139-32A4-4D52-ADFF-0EEC47C72EAB}"
EndProject
Global
	GlobalSection(SolutionConfigurationPlatforms) = preSolution
		Debug|Any CPU = Debug|Any CPU
		Release|Any CPU = Release|Any CPU
	EndGlobalSection
	GlobalSection(ProjectConfigurationPlatforms) = postSolution
		{4248D139-32A4-4D52-ADFF-0EEC47C72EAB}.Debug|Any CPU.ActiveCfg = Debug|Any CPU
		{4248D139-32A4-4D52-ADFF-0EEC47C72EAB}.Debug|Any CPU.Build.0 = Debug|Any CPU
		{4248D139-32A4-4D52-ADFF-0EEC47C72EAB}.Release|Any CPU.ActiveCfg = Release|Any CPU
		{4248D139-32A4-4D52-ADFF-0EEC47C72EAB}.Release|Any CPU.Build.0 = Release|Any CPU
	EndGlobalSection
	GlobalSection(SolutionProperties) = preSolution
		HideSolutionNode = FALSE
	EndGlobalSection
	GlobalSection(ExtensibilityGlobals) = postSolution
		SolutionGuid = {EC8BA417-27E6-49FF-AD98-A2FB6FD3F792}
	EndGlobalSection
EndGlobal
