
Microsoft Visual Studio Solution File, Format Version 12.00
# Visual Studio Version 17
VisualStudioVersion = 17.1.32407.343
MinimumVisualStudioVersion = 10.0.40219.1
Project("{FAE04EC0-301F-11D3-BF4B-00C04F79EFBC}") = "HospitalManagement", "HospitalManagement.csproj", "{BF45C1A3-2E4A-496D-B779-7392E62C2B5B}"
EndProject
Global
	GlobalSection(SolutionConfigurationPlatforms) = preSolution
		Debug|Any CPU = Debug|Any CPU
		Release|Any CPU = Release|Any CPU
	EndGlobalSection
	GlobalSection(ProjectConfigurationPlatforms) = postSolution
		{BF45C1A3-2E4A-496D-B779-7392E62C2B5B}.Debug|Any CPU.ActiveCfg = Debug|Any CPU
		{BF45C1A3-2E4A-496D-B779-7392E62C2B5B}.Debug|Any CPU.Build.0 = Debug|Any CPU
		{BF45C1A3-2E4A-496D-B779-7392E62C2B5B}.Release|Any CPU.ActiveCfg = Release|Any CPU
		{BF45C1A3-2E4A-496D-B779-7392E62C2B5B}.Release|Any CPU.Build.0 = Release|Any CPU
	EndGlobalSection
	GlobalSection(SolutionProperties) = preSolution
		HideSolutionNode = FALSE
	EndGlobalSection
	GlobalSection(ExtensibilityGlobals) = postSolution
		SolutionGuid = {ABE3F20E-0903-4342-A33A-1AEA4DAC3F4E}
	EndGlobalSection
EndGlobal
