
Microsoft Visual Studio Solution File, Format Version 12.00
# Visual Studio 15
VisualStudioVersion = 15.0.28307.960
MinimumVisualStudioVersion = 10.0.40219.1
Project("{FAE04EC0-301F-11D3-BF4B-00C04F79EFBC}") = "Uyg1Notepad", "Uyg1Notepad\Uyg1Notepad.csproj", "{5011DDA1-B789-4677-AAE2-88A1893A00B9}"
EndProject
Global
	GlobalSection(SolutionConfigurationPlatforms) = preSolution
		Debug|Any CPU = Debug|Any CPU
		Release|Any CPU = Release|Any CPU
	EndGlobalSection
	GlobalSection(ProjectConfigurationPlatforms) = postSolution
		{5011DDA1-B789-4677-AAE2-88A1893A00B9}.Debug|Any CPU.ActiveCfg = Debug|Any CPU
		{5011DDA1-B789-4677-AAE2-88A1893A00B9}.Debug|Any CPU.Build.0 = Debug|Any CPU
		{5011DDA1-B789-4677-AAE2-88A1893A00B9}.Release|Any CPU.ActiveCfg = Release|Any CPU
		{5011DDA1-B789-4677-AAE2-88A1893A00B9}.Release|Any CPU.Build.0 = Release|Any CPU
	EndGlobalSection
	GlobalSection(SolutionProperties) = preSolution
		HideSolutionNode = FALSE
	EndGlobalSection
	GlobalSection(ExtensibilityGlobals) = postSolution
		SolutionGuid = {1CD89B6D-D8FD-4A73-923D-24A0EE761F1E}
	EndGlobalSection
EndGlobal
